
Microsoft Visual Studio Solution File, Format Version 12.00
# Visual Studio Version 17
VisualStudioVersion = 17.6.33829.357
MinimumVisualStudioVersion = 10.0.40219.1
Project("{9A19103F-16F7-4668-BE54-9A1E7A4F7556}") = "ScreenCapture.NET", "ScreenCapture.NET\ScreenCapture.NET.csproj", "{90596344-E012-4534-A933-3BD1B55469DC}"
EndProject
Project("{9A19103F-16F7-4668-BE54-9A1E7A4F7556}") = "ScreenCapture.NET.DX11", "ScreenCapture.NET.DX11\ScreenCapture.NET.DX11.csproj", "{58A09AD8-D66F-492E-8BC7-62BDB85E57EC}"
EndProject
Global
	GlobalSection(SolutionConfigurationPlatforms) = preSolution
		Debug|Any CPU = Debug|Any CPU
		Release|Any CPU = Release|Any CPU
	EndGlobalSection
	GlobalSection(ProjectConfigurationPlatforms) = postSolution
		{90596344-E012-4534-A933-3BD1B55469DC}.Debug|Any CPU.ActiveCfg = Debug|Any CPU
		{90596344-E012-4534-A933-3BD1B55469DC}.Debug|Any CPU.Build.0 = Debug|Any CPU
		{90596344-E012-4534-A933-3BD1B55469DC}.Release|Any CPU.ActiveCfg = Release|Any CPU
		{90596344-E012-4534-A933-3BD1B55469DC}.Release|Any CPU.Build.0 = Release|Any CPU
		{58A09AD8-D66F-492E-8BC7-62BDB85E57EC}.Debug|Any CPU.ActiveCfg = Debug|Any CPU
		{58A09AD8-D66F-492E-8BC7-62BDB85E57EC}.Debug|Any CPU.Build.0 = Debug|Any CPU
		{58A09AD8-D66F-492E-8BC7-62BDB85E57EC}.Release|Any CPU.ActiveCfg = Release|Any CPU
		{58A09AD8-D66F-492E-8BC7-62BDB85E57EC}.Release|Any CPU.Build.0 = Release|Any CPU
	EndGlobalSection
	GlobalSection(SolutionProperties) = preSolution
		HideSolutionNode = FALSE
	EndGlobalSection
	GlobalSection(ExtensibilityGlobals) = postSolution
		SolutionGuid = {B5111031-6E65-4331-9E6E-A07165289860}
	EndGlobalSection
EndGlobal
